// !$*UTF8*$!
{
	archiveVersion = 1;
	classes = {
	};
	objectVersion = 47;
	objects = {

/* Begin PBXBuildFile section */
		60627AFF1C8E67B200746786 /* SparkAPI.swift in Sources */ = {isa = PBXBuildFile; fileRef = 60627AFE1C8E67B200746786 /* SparkAPI.swift */; };
		60627B191C8E683200746786 /* Alamofire.framework in Frameworks */ = {isa = PBXBuildFile; fileRef = 60627B0C1C8E680200746786 /* Alamofire.framework */; };
		BF4516521C8E20FE00C13475 /* Flint.h in Headers */ = {isa = PBXBuildFile; fileRef = BF4516511C8E20FE00C13475 /* Flint.h */; settings = {ATTRIBUTES = (Public, ); }; };
		BF7E717C1CA9E018009B0E33 /* Roxas.framework in Frameworks */ = {isa = PBXBuildFile; fileRef = BF7E717B1CA9E018009B0E33 /* Roxas.framework */; };
		BF7E718C1CA9E20A009B0E33 /* DatabaseManager.swift in Sources */ = {isa = PBXBuildFile; fileRef = BF7E718B1CA9E20A009B0E33 /* DatabaseManager.swift */; };
/* End PBXBuildFile section */

/* Begin PBXContainerItemProxy section */
		60627B0B1C8E680200746786 /* PBXContainerItemProxy */ = {
			isa = PBXContainerItemProxy;
			containerPortal = 60627B011C8E680200746786 /* Alamofire.xcodeproj */;
			proxyType = 2;
			remoteGlobalIDString = F8111E3319A95C8B0040E7D1;
			remoteInfo = "Alamofire iOS";
		};
		60627B0D1C8E680200746786 /* PBXContainerItemProxy */ = {
			isa = PBXContainerItemProxy;
			containerPortal = 60627B011C8E680200746786 /* Alamofire.xcodeproj */;
			proxyType = 2;
			remoteGlobalIDString = F8111E3E19A95C8B0040E7D1;
			remoteInfo = "Alamofire iOS Tests";
		};
		60627B0F1C8E680200746786 /* PBXContainerItemProxy */ = {
			isa = PBXContainerItemProxy;
			containerPortal = 60627B011C8E680200746786 /* Alamofire.xcodeproj */;
			proxyType = 2;
			remoteGlobalIDString = 4DD67C0B1A5C55C900ED2280;
			remoteInfo = "Alamofire OSX";
		};
		60627B111C8E680200746786 /* PBXContainerItemProxy */ = {
			isa = PBXContainerItemProxy;
			containerPortal = 60627B011C8E680200746786 /* Alamofire.xcodeproj */;
			proxyType = 2;
			remoteGlobalIDString = F829C6B21A7A94F100A2CD59;
			remoteInfo = "Alamofire OSX Tests";
		};
		60627B131C8E680200746786 /* PBXContainerItemProxy */ = {
			isa = PBXContainerItemProxy;
			containerPortal = 60627B011C8E680200746786 /* Alamofire.xcodeproj */;
			proxyType = 2;
			remoteGlobalIDString = 4CF626EF1BA7CB3E0011A099;
			remoteInfo = "Alamofire tvOS";
		};
		60627B151C8E680200746786 /* PBXContainerItemProxy */ = {
			isa = PBXContainerItemProxy;
			containerPortal = 60627B011C8E680200746786 /* Alamofire.xcodeproj */;
			proxyType = 2;
			remoteGlobalIDString = 4CF626F81BA7CB3E0011A099;
			remoteInfo = "Alamofire tvOS Tests";
		};
		60627B171C8E680200746786 /* PBXContainerItemProxy */ = {
			isa = PBXContainerItemProxy;
			containerPortal = 60627B011C8E680200746786 /* Alamofire.xcodeproj */;
			proxyType = 2;
			remoteGlobalIDString = E4202FE01B667AA100C997FB;
			remoteInfo = "Alamofire watchOS";
		};
/* End PBXContainerItemProxy section */

/* Begin PBXFileReference section */
		60627AFE1C8E67B200746786 /* SparkAPI.swift */ = {isa = PBXFileReference; fileEncoding = 4; lastKnownFileType = sourcecode.swift; path = SparkAPI.swift; sourceTree = "<group>"; };
		60627B011C8E680200746786 /* Alamofire.xcodeproj */ = {isa = PBXFileReference; lastKnownFileType = "wrapper.pb-project"; name = Alamofire.xcodeproj; path = External/Alamofire/Alamofire.xcodeproj; sourceTree = SOURCE_ROOT; };
		BF45164E1C8E20FE00C13475 /* Flint.framework */ = {isa = PBXFileReference; explicitFileType = wrapper.framework; includeInIndex = 0; path = Flint.framework; sourceTree = BUILT_PRODUCTS_DIR; };
		BF4516511C8E20FE00C13475 /* Flint.h */ = {isa = PBXFileReference; lastKnownFileType = sourcecode.c.h; path = Flint.h; sourceTree = "<group>"; };
		BF4516531C8E20FE00C13475 /* Info.plist */ = {isa = PBXFileReference; lastKnownFileType = text.plist.xml; path = Info.plist; sourceTree = "<group>"; };
		BF7E717B1CA9E018009B0E33 /* Roxas.framework */ = {isa = PBXFileReference; lastKnownFileType = wrapper.framework; name = Roxas.framework; path = "../../../../Library/Developer/Xcode/DerivedData/Spark-gvnqxwetghmaandvymceccqffyeh/Build/Products/Debug-iphoneos/Roxas.framework"; sourceTree = "<group>"; };
		BF7E718B1CA9E20A009B0E33 /* DatabaseManager.swift */ = {isa = PBXFileReference; fileEncoding = 4; lastKnownFileType = sourcecode.swift; path = DatabaseManager.swift; sourceTree = "<group>"; };
/* End PBXFileReference section */

/* Begin PBXFrameworksBuildPhase section */
		BF45164A1C8E20FE00C13475 /* Frameworks */ = {
			isa = PBXFrameworksBuildPhase;
			buildActionMask = 2147483647;
			files = (
				BF7E717C1CA9E018009B0E33 /* Roxas.framework in Frameworks */,
				60627B191C8E683200746786 /* Alamofire.framework in Frameworks */,
			);
			runOnlyForDeploymentPostprocessing = 0;
		};
/* End PBXFrameworksBuildPhase section */

/* Begin PBXGroup section */
		60627B021C8E680200746786 /* Products */ = {
			isa = PBXGroup;
			children = (
				60627B0C1C8E680200746786 /* Alamofire.framework */,
				60627B0E1C8E680200746786 /* Alamofire iOS Tests.xctest */,
				60627B101C8E680200746786 /* Alamofire.framework */,
				60627B121C8E680200746786 /* Alamofire OSX Tests.xctest */,
				60627B141C8E680200746786 /* Alamofire.framework */,
				60627B161C8E680200746786 /* Alamofire tvOS Tests.xctest */,
				60627B181C8E680200746786 /* Alamofire.framework */,
			);
			name = Products;
			sourceTree = "<group>";
		};
		BF4516441C8E20FE00C13475 = {
			isa = PBXGroup;
			children = (
				BF4516501C8E20FE00C13475 /* Flint */,
				BF7E717D1CA9E020009B0E33 /* Dependencies */,
				BF45164F1C8E20FE00C13475 /* Products */,
			);
			sourceTree = "<group>";
		};
		BF45164F1C8E20FE00C13475 /* Products */ = {
			isa = PBXGroup;
			children = (
				BF45164E1C8E20FE00C13475 /* Flint.framework */,
			);
			name = Products;
			sourceTree = "<group>";
		};
		BF4516501C8E20FE00C13475 /* Flint */ = {
			isa = PBXGroup;
			children = (
				BF4516511C8E20FE00C13475 /* Flint.h */,
				BF7E71881CA9E10E009B0E33 /* SparkAPI */,
				BF7E718A1CA9E1F9009B0E33 /* Database */,
				BF7E71891CA9E11E009B0E33 /* Supporting Files */,
			);
			path = Flint;
			sourceTree = "<group>";
		};
		BF7E717D1CA9E020009B0E33 /* Dependencies */ = {
			isa = PBXGroup;
			children = (
				60627B011C8E680200746786 /* Alamofire.xcodeproj */,
				BF7E717B1CA9E018009B0E33 /* Roxas.framework */,
			);
			name = Dependencies;
			sourceTree = "<group>";
		};
		BF7E71881CA9E10E009B0E33 /* SparkAPI */ = {
			isa = PBXGroup;
			children = (
				60627AFE1C8E67B200746786 /* SparkAPI.swift */,
			);
			name = SparkAPI;
			sourceTree = "<group>";
		};
		BF7E71891CA9E11E009B0E33 /* Supporting Files */ = {
			isa = PBXGroup;
			children = (
				BF4516531C8E20FE00C13475 /* Info.plist */,
			);
			name = "Supporting Files";
			sourceTree = "<group>";
		};
		BF7E718A1CA9E1F9009B0E33 /* Database */ = {
			isa = PBXGroup;
			children = (
				BF7E718B1CA9E20A009B0E33 /* DatabaseManager.swift */,
			);
			name = Database;
			sourceTree = "<group>";
		};
/* End PBXGroup section */

/* Begin PBXHeadersBuildPhase section */
		BF45164B1C8E20FE00C13475 /* Headers */ = {
			isa = PBXHeadersBuildPhase;
			buildActionMask = 2147483647;
			files = (
				BF4516521C8E20FE00C13475 /* Flint.h in Headers */,
			);
			runOnlyForDeploymentPostprocessing = 0;
		};
/* End PBXHeadersBuildPhase section */

/* Begin PBXNativeTarget section */
		BF45164D1C8E20FE00C13475 /* Flint */ = {
			isa = PBXNativeTarget;
			buildConfigurationList = BF4516561C8E20FE00C13475 /* Build configuration list for PBXNativeTarget "Flint" */;
			buildPhases = (
				BF4516491C8E20FE00C13475 /* Sources */,
				BF45164A1C8E20FE00C13475 /* Frameworks */,
				BF45164B1C8E20FE00C13475 /* Headers */,
				BF45164C1C8E20FE00C13475 /* Resources */,
			);
			buildRules = (
			);
			dependencies = (
			);
			name = Flint;
			productName = Flint;
			productReference = BF45164E1C8E20FE00C13475 /* Flint.framework */;
			productType = "com.apple.product-type.framework";
		};
/* End PBXNativeTarget section */

/* Begin PBXProject section */
		BF4516451C8E20FE00C13475 /* Project object */ = {
			isa = PBXProject;
			attributes = {
				LastUpgradeCheck = 0720;
				ORGANIZATIONNAME = "Spark SC";
				TargetAttributes = {
					BF45164D1C8E20FE00C13475 = {
						CreatedOnToolsVersion = 7.2.1;
					};
				};
			};
			buildConfigurationList = BF4516481C8E20FE00C13475 /* Build configuration list for PBXProject "Flint" */;
			compatibilityVersion = "Xcode 6.3";
			developmentRegion = English;
			hasScannedForEncodings = 0;
			knownRegions = (
				en,
			);
			mainGroup = BF4516441C8E20FE00C13475;
			productRefGroup = BF45164F1C8E20FE00C13475 /* Products */;
			projectDirPath = "";
			projectReferences = (
				{
					ProductGroup = 60627B021C8E680200746786 /* Products */;
					ProjectRef = 60627B011C8E680200746786 /* Alamofire.xcodeproj */;
				},
			);
			projectRoot = "";
			targets = (
				BF45164D1C8E20FE00C13475 /* Flint */,
			);
		};
/* End PBXProject section */

/* Begin PBXReferenceProxy section */
		60627B0C1C8E680200746786 /* Alamofire.framework */ = {
			isa = PBXReferenceProxy;
			fileType = wrapper.framework;
			path = Alamofire.framework;
			remoteRef = 60627B0B1C8E680200746786 /* PBXContainerItemProxy */;
			sourceTree = BUILT_PRODUCTS_DIR;
		};
		60627B0E1C8E680200746786 /* Alamofire iOS Tests.xctest */ = {
			isa = PBXReferenceProxy;
			fileType = wrapper.cfbundle;
			path = "Alamofire iOS Tests.xctest";
			remoteRef = 60627B0D1C8E680200746786 /* PBXContainerItemProxy */;
			sourceTree = BUILT_PRODUCTS_DIR;
		};
		60627B101C8E680200746786 /* Alamofire.framework */ = {
			isa = PBXReferenceProxy;
			fileType = wrapper.framework;
			path = Alamofire.framework;
			remoteRef = 60627B0F1C8E680200746786 /* PBXContainerItemProxy */;
			sourceTree = BUILT_PRODUCTS_DIR;
		};
		60627B121C8E680200746786 /* Alamofire OSX Tests.xctest */ = {
			isa = PBXReferenceProxy;
			fileType = wrapper.cfbundle;
			path = "Alamofire OSX Tests.xctest";
			remoteRef = 60627B111C8E680200746786 /* PBXContainerItemProxy */;
			sourceTree = BUILT_PRODUCTS_DIR;
		};
		60627B141C8E680200746786 /* Alamofire.framework */ = {
			isa = PBXReferenceProxy;
			fileType = wrapper.framework;
			path = Alamofire.framework;
			remoteRef = 60627B131C8E680200746786 /* PBXContainerItemProxy */;
			sourceTree = BUILT_PRODUCTS_DIR;
		};
		60627B161C8E680200746786 /* Alamofire tvOS Tests.xctest */ = {
			isa = PBXReferenceProxy;
			fileType = wrapper.cfbundle;
			path = "Alamofire tvOS Tests.xctest";
			remoteRef = 60627B151C8E680200746786 /* PBXContainerItemProxy */;
			sourceTree = BUILT_PRODUCTS_DIR;
		};
		60627B181C8E680200746786 /* Alamofire.framework */ = {
			isa = PBXReferenceProxy;
			fileType = wrapper.framework;
			path = Alamofire.framework;
			remoteRef = 60627B171C8E680200746786 /* PBXContainerItemProxy */;
			sourceTree = BUILT_PRODUCTS_DIR;
		};
/* End PBXReferenceProxy section */

/* Begin PBXResourcesBuildPhase section */
		BF45164C1C8E20FE00C13475 /* Resources */ = {
			isa = PBXResourcesBuildPhase;
			buildActionMask = 2147483647;
			files = (
			);
			runOnlyForDeploymentPostprocessing = 0;
		};
/* End PBXResourcesBuildPhase section */

/* Begin PBXSourcesBuildPhase section */
		BF4516491C8E20FE00C13475 /* Sources */ = {
			isa = PBXSourcesBuildPhase;
			buildActionMask = 2147483647;
			files = (
				BF7E718C1CA9E20A009B0E33 /* DatabaseManager.swift in Sources */,
				60627AFF1C8E67B200746786 /* SparkAPI.swift in Sources */,
			);
			runOnlyForDeploymentPostprocessing = 0;
		};
/* End PBXSourcesBuildPhase section */

/* Begin XCBuildConfiguration section */
		BF4516541C8E20FE00C13475 /* Debug */ = {
			isa = XCBuildConfiguration;
			buildSettings = {
				ALWAYS_SEARCH_USER_PATHS = NO;
				CLANG_CXX_LANGUAGE_STANDARD = "gnu++0x";
				CLANG_CXX_LIBRARY = "libc++";
				CLANG_ENABLE_MODULES = YES;
				CLANG_ENABLE_OBJC_ARC = YES;
				CLANG_WARN_BOOL_CONVERSION = YES;
				CLANG_WARN_CONSTANT_CONVERSION = YES;
				CLANG_WARN_DIRECT_OBJC_ISA_USAGE = YES_ERROR;
				CLANG_WARN_EMPTY_BODY = YES;
				CLANG_WARN_ENUM_CONVERSION = YES;
				CLANG_WARN_INT_CONVERSION = YES;
				CLANG_WARN_OBJC_ROOT_CLASS = YES_ERROR;
				CLANG_WARN_UNREACHABLE_CODE = YES;
				CLANG_WARN__DUPLICATE_METHOD_MATCH = YES;
				"CODE_SIGN_IDENTITY[sdk=iphoneos*]" = "iPhone Developer";
				COPY_PHASE_STRIP = NO;
				CURRENT_PROJECT_VERSION = 1;
				DEBUG_INFORMATION_FORMAT = dwarf;
				ENABLE_STRICT_OBJC_MSGSEND = YES;
				ENABLE_TESTABILITY = YES;
				GCC_C_LANGUAGE_STANDARD = gnu99;
				GCC_DYNAMIC_NO_PIC = NO;
				GCC_NO_COMMON_BLOCKS = YES;
				GCC_OPTIMIZATION_LEVEL = 0;
				GCC_PREPROCESSOR_DEFINITIONS = (
					"DEBUG=1",
					"$(inherited)",
				);
				GCC_WARN_64_TO_32_BIT_CONVERSION = YES;
				GCC_WARN_ABOUT_RETURN_TYPE = YES_ERROR;
				GCC_WARN_UNDECLARED_SELECTOR = YES;
				GCC_WARN_UNINITIALIZED_AUTOS = YES_AGGRESSIVE;
				GCC_WARN_UNUSED_FUNCTION = YES;
				GCC_WARN_UNUSED_VARIABLE = YES;
				IPHONEOS_DEPLOYMENT_TARGET = 9.2;
				MTL_ENABLE_DEBUG_INFO = YES;
				ONLY_ACTIVE_ARCH = YES;
				SDKROOT = iphoneos;
				SWIFT_OPTIMIZATION_LEVEL = "-Onone";
				TARGETED_DEVICE_FAMILY = "1,2";
				VERSIONING_SYSTEM = "apple-generic";
				VERSION_INFO_PREFIX = "";
			};
			name = Debug;
		};
		BF4516551C8E20FE00C13475 /* Release */ = {
			isa = XCBuildConfiguration;
			buildSettings = {
				ALWAYS_SEARCH_USER_PATHS = NO;
				CLANG_CXX_LANGUAGE_STANDARD = "gnu++0x";
				CLANG_CXX_LIBRARY = "libc++";
				CLANG_ENABLE_MODULES = YES;
				CLANG_ENABLE_OBJC_ARC = YES;
				CLANG_WARN_BOOL_CONVERSION = YES;
				CLANG_WARN_CONSTANT_CONVERSION = YES;
				CLANG_WARN_DIRECT_OBJC_ISA_USAGE = YES_ERROR;
				CLANG_WARN_EMPTY_BODY = YES;
				CLANG_WARN_ENUM_CONVERSION = YES;
				CLANG_WARN_INT_CONVERSION = YES;
				CLANG_WARN_OBJC_ROOT_CLASS = YES_ERROR;
				CLANG_WARN_UNREACHABLE_CODE = YES;
				CLANG_WARN__DUPLICATE_METHOD_MATCH = YES;
				"CODE_SIGN_IDENTITY[sdk=iphoneos*]" = "iPhone Developer";
				COPY_PHASE_STRIP = NO;
				CURRENT_PROJECT_VERSION = 1;
				DEBUG_INFORMATION_FORMAT = "dwarf-with-dsym";
				ENABLE_NS_ASSERTIONS = NO;
				ENABLE_STRICT_OBJC_MSGSEND = YES;
				GCC_C_LANGUAGE_STANDARD = gnu99;
				GCC_NO_COMMON_BLOCKS = YES;
				GCC_WARN_64_TO_32_BIT_CONVERSION = YES;
				GCC_WARN_ABOUT_RETURN_TYPE = YES_ERROR;
				GCC_WARN_UNDECLARED_SELECTOR = YES;
				GCC_WARN_UNINITIALIZED_AUTOS = YES_AGGRESSIVE;
				GCC_WARN_UNUSED_FUNCTION = YES;
				GCC_WARN_UNUSED_VARIABLE = YES;
				IPHONEOS_DEPLOYMENT_TARGET = 9.2;
				MTL_ENABLE_DEBUG_INFO = NO;
				SDKROOT = iphoneos;
				TARGETED_DEVICE_FAMILY = "1,2";
				VALIDATE_PRODUCT = YES;
				VERSIONING_SYSTEM = "apple-generic";
				VERSION_INFO_PREFIX = "";
			};
			name = Release;
		};
		BF4516571C8E20FE00C13475 /* Debug */ = {
			isa = XCBuildConfiguration;
			buildSettings = {
				CLANG_ENABLE_MODULES = YES;
				DEFINES_MODULE = YES;
				DYLIB_COMPATIBILITY_VERSION = 1;
				DYLIB_CURRENT_VERSION = 1;
				DYLIB_INSTALL_NAME_BASE = "@rpath";
				INFOPLIST_FILE = Flint/Info.plist;
				INSTALL_PATH = "$(LOCAL_LIBRARY_DIR)/Frameworks";
				IPHONEOS_DEPLOYMENT_TARGET = 9.0;
				LD_RUNPATH_SEARCH_PATHS = "$(inherited) @executable_path/Frameworks @loader_path/Frameworks";
				PRODUCT_BUNDLE_IDENTIFIER = org.sparksc.Flint;
				PRODUCT_NAME = "$(TARGET_NAME)";
				SKIP_INSTALL = YES;
				SWIFT_OPTIMIZATION_LEVEL = "-Onone";
			};
			name = Debug;
		};
		BF4516581C8E20FE00C13475 /* Release */ = {
			isa = XCBuildConfiguration;
			buildSettings = {
				CLANG_ENABLE_MODULES = YES;
				DEFINES_MODULE = YES;
				DYLIB_COMPATIBILITY_VERSION = 1;
				DYLIB_CURRENT_VERSION = 1;
				DYLIB_INSTALL_NAME_BASE = "@rpath";
				INFOPLIST_FILE = Flint/Info.plist;
				INSTALL_PATH = "$(LOCAL_LIBRARY_DIR)/Frameworks";
				IPHONEOS_DEPLOYMENT_TARGET = 9.0;
				LD_RUNPATH_SEARCH_PATHS = "$(inherited) @executable_path/Frameworks @loader_path/Frameworks";
				PRODUCT_BUNDLE_IDENTIFIER = org.sparksc.Flint;
				PRODUCT_NAME = "$(TARGET_NAME)";
				SKIP_INSTALL = YES;
			};
			name = Release;
		};
/* End XCBuildConfiguration section */

/* Begin XCConfigurationList section */
		BF4516481C8E20FE00C13475 /* Build configuration list for PBXProject "Flint" */ = {
			isa = XCConfigurationList;
			buildConfigurations = (
				BF4516541C8E20FE00C13475 /* Debug */,
				BF4516551C8E20FE00C13475 /* Release */,
			);
			defaultConfigurationIsVisible = 0;
			defaultConfigurationName = Release;
		};
		BF4516561C8E20FE00C13475 /* Build configuration list for PBXNativeTarget "Flint" */ = {
			isa = XCConfigurationList;
			buildConfigurations = (
				BF4516571C8E20FE00C13475 /* Debug */,
				BF4516581C8E20FE00C13475 /* Release */,
			);
			defaultConfigurationIsVisible = 0;
			defaultConfigurationName = Release;
		};
/* End XCConfigurationList section */
	};
	rootObject = BF4516451C8E20FE00C13475 /* Project object */;
}
